// !$*UTF8*$!
{
	archiveVersion = 1;
	classes = {
	};
	objectVersion = 55;
	objects = {

/* Begin PBXBuildFile section */
		AE2F6675285B994900BC905D /* main.swift in Sources */ = {isa = PBXBuildFile; fileRef = AE2F6674285B994900BC905D /* main.swift */; };
		AE2F6680285B9A7700BC905D /* main.swift in Sources */ = {isa = PBXBuildFile; fileRef = AE2F667F285B9A7700BC905D /* main.swift */; };
		AE2F668B285B9F7700BC905D /* main.swift in Sources */ = {isa = PBXBuildFile; fileRef = AE2F668A285B9F7700BC905D /* main.swift */; };
		AE2F6696285BA00C00BC905D /* main.swift in Sources */ = {isa = PBXBuildFile; fileRef = AE2F6695285BA00C00BC905D /* main.swift */; };
		AE2F66A1285BA0BF00BC905D /* main.swift in Sources */ = {isa = PBXBuildFile; fileRef = AE2F66A0285BA0BF00BC905D /* main.swift */; };
		AE2F66AC285BA11700BC905D /* main.swift in Sources */ = {isa = PBXBuildFile; fileRef = AE2F66AB285BA11700BC905D /* main.swift */; };
		AE3BCCC728563C3F005919D2 /* main.swift in Sources */ = {isa = PBXBuildFile; fileRef = AE3BCCC628563C3F005919D2 /* main.swift */; };
		AE3BCCCB28563D13005919D2 /* main.swift in Sources */ = {isa = PBXBuildFile; fileRef = AE3BCCC628563C3F005919D2 /* main.swift */; };
		AE3BCCCC28563D14005919D2 /* main.swift in Sources */ = {isa = PBXBuildFile; fileRef = AE3BCCC628563C3F005919D2 /* main.swift */; };
		AE9A390328579545003A843B /* main.swift in Sources */ = {isa = PBXBuildFile; fileRef = AE9A390228579545003A843B /* main.swift */; };
		AE9A390728579590003A843B /* main.swift in Sources */ = {isa = PBXBuildFile; fileRef = AE9A390228579545003A843B /* main.swift */; };
		AE9A390928579591003A843B /* main.swift in Sources */ = {isa = PBXBuildFile; fileRef = AE9A390228579545003A843B /* main.swift */; };
		AECA3E00284BBCCE00EEF7E4 /* main.swift in Sources */ = {isa = PBXBuildFile; fileRef = AECA3DFF284BBCCE00EEF7E4 /* main.swift */; };
		AECA3E13284BC34C00EEF7E4 /* main.swift in Sources */ = {isa = PBXBuildFile; fileRef = AECA3DFF284BBCCE00EEF7E4 /* main.swift */; };
/* End PBXBuildFile section */

/* Begin PBXCopyFilesBuildPhase section */
		AE2F6670285B994900BC905D /* CopyFiles */ = {
			isa = PBXCopyFilesBuildPhase;
			buildActionMask = 2147483647;
			dstPath = /usr/share/man/man1/;
			dstSubfolderSpec = 0;
			files = (
			);
			runOnlyForDeploymentPostprocessing = 1;
		};
		AE2F667B285B9A7700BC905D /* CopyFiles */ = {
			isa = PBXCopyFilesBuildPhase;
			buildActionMask = 2147483647;
			dstPath = /usr/share/man/man1/;
			dstSubfolderSpec = 0;
			files = (
			);
			runOnlyForDeploymentPostprocessing = 1;
		};
		AE2F6686285B9F7700BC905D /* CopyFiles */ = {
			isa = PBXCopyFilesBuildPhase;
			buildActionMask = 2147483647;
			dstPath = /usr/share/man/man1/;
			dstSubfolderSpec = 0;
			files = (
			);
			runOnlyForDeploymentPostprocessing = 1;
		};
		AE2F6691285BA00C00BC905D /* CopyFiles */ = {
			isa = PBXCopyFilesBuildPhase;
			buildActionMask = 2147483647;
			dstPath = /usr/share/man/man1/;
			dstSubfolderSpec = 0;
			files = (
			);
			runOnlyForDeploymentPostprocessing = 1;
		};
		AE2F669C285BA0BF00BC905D /* CopyFiles */ = {
			isa = PBXCopyFilesBuildPhase;
			buildActionMask = 2147483647;
			dstPath = /usr/share/man/man1/;
			dstSubfolderSpec = 0;
			files = (
			);
			runOnlyForDeploymentPostprocessing = 1;
		};
		AE2F66A7285BA11700BC905D /* CopyFiles */ = {
			isa = PBXCopyFilesBuildPhase;
			buildActionMask = 2147483647;
			dstPath = /usr/share/man/man1/;
			dstSubfolderSpec = 0;
			files = (
			);
			runOnlyForDeploymentPostprocessing = 1;
		};
		AE3BCCC228563C3F005919D2 /* CopyFiles */ = {
			isa = PBXCopyFilesBuildPhase;
			buildActionMask = 2147483647;
			dstPath = /usr/share/man/man1/;
			dstSubfolderSpec = 0;
			files = (
			);
			runOnlyForDeploymentPostprocessing = 1;
		};
		AE9A38FE28579545003A843B /* CopyFiles */ = {
			isa = PBXCopyFilesBuildPhase;
			buildActionMask = 2147483647;
			dstPath = /usr/share/man/man1/;
			dstSubfolderSpec = 0;
			files = (
			);
			runOnlyForDeploymentPostprocessing = 1;
		};
		AECA3DFA284BBCCE00EEF7E4 /* CopyFiles */ = {
			isa = PBXCopyFilesBuildPhase;
			buildActionMask = 2147483647;
			dstPath = /usr/share/man/man1/;
			dstSubfolderSpec = 0;
			files = (
			);
			runOnlyForDeploymentPostprocessing = 1;
		};
		AECA3E0A284BC08000EEF7E4 /* CopyFiles */ = {
			isa = PBXCopyFilesBuildPhase;
			buildActionMask = 2147483647;
			dstPath = /usr/share/man/man1/;
			dstSubfolderSpec = 0;
			files = (
			);
			runOnlyForDeploymentPostprocessing = 1;
		};
/* End PBXCopyFilesBuildPhase section */

/* Begin PBXFileReference section */
		AE2F6672285B994900BC905D /* OptionalTypes */ = {isa = PBXFileReference; explicitFileType = "compiled.mach-o.executable"; includeInIndex = 0; path = OptionalTypes; sourceTree = BUILT_PRODUCTS_DIR; };
		AE2F6674285B994900BC905D /* main.swift */ = {isa = PBXFileReference; lastKnownFileType = sourcecode.swift; path = main.swift; sourceTree = "<group>"; };
		AE2F667D285B9A7700BC905D /* GuardKeywordInSwift */ = {isa = PBXFileReference; explicitFileType = "compiled.mach-o.executable"; includeInIndex = 0; path = GuardKeywordInSwift; sourceTree = BUILT_PRODUCTS_DIR; };
		AE2F667F285B9A7700BC905D /* main.swift */ = {isa = PBXFileReference; lastKnownFileType = sourcecode.swift; path = main.swift; sourceTree = "<group>"; };
		AE2F6688285B9F7700BC905D /* OOPinSwift */ = {isa = PBXFileReference; explicitFileType = "compiled.mach-o.executable"; includeInIndex = 0; path = OOPinSwift; sourceTree = BUILT_PRODUCTS_DIR; };
		AE2F668A285B9F7700BC905D /* main.swift */ = {isa = PBXFileReference; lastKnownFileType = sourcecode.swift; path = main.swift; sourceTree = "<group>"; };
		AE2F6693285BA00C00BC905D /* InitializerSelfStaticVariable */ = {isa = PBXFileReference; explicitFileType = "compiled.mach-o.executable"; includeInIndex = 0; path = InitializerSelfStaticVariable; sourceTree = BUILT_PRODUCTS_DIR; };
		AE2F6695285BA00C00BC905D /* main.swift */ = {isa = PBXFileReference; lastKnownFileType = sourcecode.swift; path = main.swift; sourceTree = "<group>"; };
		AE2F669E285BA0BF00BC905D /* ArraysInSwift */ = {isa = PBXFileReference; explicitFileType = "compiled.mach-o.executable"; includeInIndex = 0; path = ArraysInSwift; sourceTree = BUILT_PRODUCTS_DIR; };
		AE2F66A0285BA0BF00BC905D /* main.swift */ = {isa = PBXFileReference; lastKnownFileType = sourcecode.swift; path = main.swift; sourceTree = "<group>"; };
		AE2F66A9285BA11700BC905D /* DictionaryDemo */ = {isa = PBXFileReference; explicitFileType = "compiled.mach-o.executable"; includeInIndex = 0; path = DictionaryDemo; sourceTree = BUILT_PRODUCTS_DIR; };
		AE2F66AB285BA11700BC905D /* main.swift */ = {isa = PBXFileReference; lastKnownFileType = sourcecode.swift; path = main.swift; sourceTree = "<group>"; };
		AE3BCCC428563C3F005919D2 /* SwiftDataTypesAndOperators */ = {isa = PBXFileReference; explicitFileType = "compiled.mach-o.executable"; includeInIndex = 0; path = SwiftDataTypesAndOperators; sourceTree = BUILT_PRODUCTS_DIR; };
		AE3BCCC628563C3F005919D2 /* main.swift */ = {isa = PBXFileReference; lastKnownFileType = sourcecode.swift; path = main.swift; sourceTree = "<group>"; };
		AE9A390028579545003A843B /* SwiftControlFlow */ = {isa = PBXFileReference; explicitFileType = "compiled.mach-o.executable"; includeInIndex = 0; path = SwiftControlFlow; sourceTree = BUILT_PRODUCTS_DIR; };
		AE9A390228579545003A843B /* main.swift */ = {isa = PBXFileReference; lastKnownFileType = sourcecode.swift; path = main.swift; sourceTree = "<group>"; };
		AECA3DFC284BBCCE00EEF7E4 /* Swift_Basic_Concepts */ = {isa = PBXFileReference; explicitFileType = "compiled.mach-o.executable"; includeInIndex = 0; path = Swift_Basic_Concepts; sourceTree = BUILT_PRODUCTS_DIR; };
		AECA3DFF284BBCCE00EEF7E4 /* main.swift */ = {isa = PBXFileReference; lastKnownFileType = sourcecode.swift; path = main.swift; sourceTree = "<group>"; };
		AECA3E0C284BC08000EEF7E4 /* Swift_Loops */ = {isa = PBXFileReference; explicitFileType = "compiled.mach-o.executable"; includeInIndex = 0; path = Swift_Loops; sourceTree = BUILT_PRODUCTS_DIR; };
/* End PBXFileReference section */

/* Begin PBXFrameworksBuildPhase section */
		AE2F666F285B994900BC905D /* Frameworks */ = {
			isa = PBXFrameworksBuildPhase;
			buildActionMask = 2147483647;
			files = (
			);
			runOnlyForDeploymentPostprocessing = 0;
		};
		AE2F667A285B9A7700BC905D /* Frameworks */ = {
			isa = PBXFrameworksBuildPhase;
			buildActionMask = 2147483647;
			files = (
			);
			runOnlyForDeploymentPostprocessing = 0;
		};
		AE2F6685285B9F7700BC905D /* Frameworks */ = {
			isa = PBXFrameworksBuildPhase;
			buildActionMask = 2147483647;
			files = (
			);
			runOnlyForDeploymentPostprocessing = 0;
		};
		AE2F6690285BA00C00BC905D /* Frameworks */ = {
			isa = PBXFrameworksBuildPhase;
			buildActionMask = 2147483647;
			files = (
			);
			runOnlyForDeploymentPostprocessing = 0;
		};
		AE2F669B285BA0BF00BC905D /* Frameworks */ = {
			isa = PBXFrameworksBuildPhase;
			buildActionMask = 2147483647;
			files = (
			);
			runOnlyForDeploymentPostprocessing = 0;
		};
		AE2F66A6285BA11700BC905D /* Frameworks */ = {
			isa = PBXFrameworksBuildPhase;
			buildActionMask = 2147483647;
			files = (
			);
			runOnlyForDeploymentPostprocessing = 0;
		};
		AE3BCCC128563C3F005919D2 /* Frameworks */ = {
			isa = PBXFrameworksBuildPhase;
			buildActionMask = 2147483647;
			files = (
			);
			runOnlyForDeploymentPostprocessing = 0;
		};
		AE9A38FD28579545003A843B /* Frameworks */ = {
			isa = PBXFrameworksBuildPhase;
			buildActionMask = 2147483647;
			files = (
			);
			runOnlyForDeploymentPostprocessing = 0;
		};
		AECA3DF9284BBCCE00EEF7E4 /* Frameworks */ = {
			isa = PBXFrameworksBuildPhase;
			buildActionMask = 2147483647;
			files = (
			);
			runOnlyForDeploymentPostprocessing = 0;
		};
		AECA3E09284BC08000EEF7E4 /* Frameworks */ = {
			isa = PBXFrameworksBuildPhase;
			buildActionMask = 2147483647;
			files = (
			);
			runOnlyForDeploymentPostprocessing = 0;
		};
/* End PBXFrameworksBuildPhase section */

/* Begin PBXGroup section */
		AE2F6673285B994900BC905D /* OptionalTypes */ = {
			isa = PBXGroup;
			children = (
				AE2F6674285B994900BC905D /* main.swift */,
			);
			path = OptionalTypes;
			sourceTree = "<group>";
		};
		AE2F667E285B9A7700BC905D /* GuardKeywordInSwift */ = {
			isa = PBXGroup;
			children = (
				AE2F667F285B9A7700BC905D /* main.swift */,
			);
			path = GuardKeywordInSwift;
			sourceTree = "<group>";
		};
		AE2F6689285B9F7700BC905D /* OOPinSwift */ = {
			isa = PBXGroup;
			children = (
				AE2F668A285B9F7700BC905D /* main.swift */,
			);
			path = OOPinSwift;
			sourceTree = "<group>";
		};
		AE2F6694285BA00C00BC905D /* InitializerSelfStaticVariable */ = {
			isa = PBXGroup;
			children = (
				AE2F6695285BA00C00BC905D /* main.swift */,
			);
			path = InitializerSelfStaticVariable;
			sourceTree = "<group>";
		};
		AE2F669F285BA0BF00BC905D /* ArraysInSwift */ = {
			isa = PBXGroup;
			children = (
				AE2F66A0285BA0BF00BC905D /* main.swift */,
			);
			path = ArraysInSwift;
			sourceTree = "<group>";
		};
		AE2F66AA285BA11700BC905D /* DictionaryDemo */ = {
			isa = PBXGroup;
			children = (
				AE2F66AB285BA11700BC905D /* main.swift */,
			);
			path = DictionaryDemo;
			sourceTree = "<group>";
		};
		AE3BCCC528563C3F005919D2 /* SwiftDataTypesAndOperators */ = {
			isa = PBXGroup;
			children = (
				AE3BCCC628563C3F005919D2 /* main.swift */,
			);
			path = SwiftDataTypesAndOperators;
			sourceTree = "<group>";
		};
		AE9A390128579545003A843B /* SwiftControlFlow */ = {
			isa = PBXGroup;
			children = (
				AE9A390228579545003A843B /* main.swift */,
			);
			path = SwiftControlFlow;
			sourceTree = "<group>";
		};
		AECA3DF3284BBCCE00EEF7E4 = {
			isa = PBXGroup;
			children = (
				AECA3DFE284BBCCE00EEF7E4 /* Swift_Basic_Concepts */,
				AE3BCCC528563C3F005919D2 /* SwiftDataTypesAndOperators */,
				AE9A390128579545003A843B /* SwiftControlFlow */,
				AE2F6673285B994900BC905D /* OptionalTypes */,
				AE2F667E285B9A7700BC905D /* GuardKeywordInSwift */,
				AE2F6689285B9F7700BC905D /* OOPinSwift */,
				AE2F6694285BA00C00BC905D /* InitializerSelfStaticVariable */,
				AE2F669F285BA0BF00BC905D /* ArraysInSwift */,
				AE2F66AA285BA11700BC905D /* DictionaryDemo */,
				AECA3DFD284BBCCE00EEF7E4 /* Products */,
			);
			sourceTree = "<group>";
		};
		AECA3DFD284BBCCE00EEF7E4 /* Products */ = {
			isa = PBXGroup;
			children = (
				AECA3DFC284BBCCE00EEF7E4 /* Swift_Basic_Concepts */,
				AECA3E0C284BC08000EEF7E4 /* Swift_Loops */,
				AE3BCCC428563C3F005919D2 /* SwiftDataTypesAndOperators */,
				AE9A390028579545003A843B /* SwiftControlFlow */,
				AE2F6672285B994900BC905D /* OptionalTypes */,
				AE2F667D285B9A7700BC905D /* GuardKeywordInSwift */,
				AE2F6688285B9F7700BC905D /* OOPinSwift */,
				AE2F6693285BA00C00BC905D /* InitializerSelfStaticVariable */,
				AE2F669E285BA0BF00BC905D /* ArraysInSwift */,
				AE2F66A9285BA11700BC905D /* DictionaryDemo */,
			);
			name = Products;
			sourceTree = "<group>";
		};
		AECA3DFE284BBCCE00EEF7E4 /* Swift_Basic_Concepts */ = {
			isa = PBXGroup;
			children = (
				AECA3DFF284BBCCE00EEF7E4 /* main.swift */,
			);
			path = Swift_Basic_Concepts;
			sourceTree = "<group>";
		};
/* End PBXGroup section */

/* Begin PBXNativeTarget section */
		AE2F6671285B994900BC905D /* OptionalTypes */ = {
			isa = PBXNativeTarget;
			buildConfigurationList = AE2F6678285B994900BC905D /* Build configuration list for PBXNativeTarget "OptionalTypes" */;
			buildPhases = (
				AE2F666E285B994900BC905D /* Sources */,
				AE2F666F285B994900BC905D /* Frameworks */,
				AE2F6670285B994900BC905D /* CopyFiles */,
			);
			buildRules = (
			);
			dependencies = (
			);
			name = OptionalTypes;
			productName = OptionalTypes;
			productReference = AE2F6672285B994900BC905D /* OptionalTypes */;
			productType = "com.apple.product-type.tool";
		};
		AE2F667C285B9A7700BC905D /* GuardKeywordInSwift */ = {
			isa = PBXNativeTarget;
			buildConfigurationList = AE2F6681285B9A7700BC905D /* Build configuration list for PBXNativeTarget "GuardKeywordInSwift" */;
			buildPhases = (
				AE2F6679285B9A7700BC905D /* Sources */,
				AE2F667A285B9A7700BC905D /* Frameworks */,
				AE2F667B285B9A7700BC905D /* CopyFiles */,
			);
			buildRules = (
			);
			dependencies = (
			);
			name = GuardKeywordInSwift;
			productName = GuardKeywordInSwift;
			productReference = AE2F667D285B9A7700BC905D /* GuardKeywordInSwift */;
			productType = "com.apple.product-type.tool";
		};
		AE2F6687285B9F7700BC905D /* OOPinSwift */ = {
			isa = PBXNativeTarget;
			buildConfigurationList = AE2F668E285B9F7700BC905D /* Build configuration list for PBXNativeTarget "OOPinSwift" */;
			buildPhases = (
				AE2F6684285B9F7700BC905D /* Sources */,
				AE2F6685285B9F7700BC905D /* Frameworks */,
				AE2F6686285B9F7700BC905D /* CopyFiles */,
			);
			buildRules = (
			);
			dependencies = (
			);
			name = OOPinSwift;
			productName = OOPinSwift;
			productReference = AE2F6688285B9F7700BC905D /* OOPinSwift */;
			productType = "com.apple.product-type.tool";
		};
		AE2F6692285BA00C00BC905D /* InitializerSelfStaticVariable */ = {
			isa = PBXNativeTarget;
			buildConfigurationList = AE2F6697285BA00C00BC905D /* Build configuration list for PBXNativeTarget "InitializerSelfStaticVariable" */;
			buildPhases = (
				AE2F668F285BA00C00BC905D /* Sources */,
				AE2F6690285BA00C00BC905D /* Frameworks */,
				AE2F6691285BA00C00BC905D /* CopyFiles */,
			);
			buildRules = (
			);
			dependencies = (
			);
			name = InitializerSelfStaticVariable;
			productName = InitializerSelfStaticVariable;
			productReference = AE2F6693285BA00C00BC905D /* InitializerSelfStaticVariable */;
			productType = "com.apple.product-type.tool";
		};
		AE2F669D285BA0BF00BC905D /* ArraysInSwift */ = {
			isa = PBXNativeTarget;
			buildConfigurationList = AE2F66A2285BA0BF00BC905D /* Build configuration list for PBXNativeTarget "ArraysInSwift" */;
			buildPhases = (
				AE2F669A285BA0BF00BC905D /* Sources */,
				AE2F669B285BA0BF00BC905D /* Frameworks */,
				AE2F669C285BA0BF00BC905D /* CopyFiles */,
			);
			buildRules = (
			);
			dependencies = (
			);
			name = ArraysInSwift;
			productName = ArraysInSwift;
			productReference = AE2F669E285BA0BF00BC905D /* ArraysInSwift */;
			productType = "com.apple.product-type.tool";
		};
		AE2F66A8285BA11700BC905D /* DictionaryDemo */ = {
			isa = PBXNativeTarget;
			buildConfigurationList = AE2F66AD285BA11700BC905D /* Build configuration list for PBXNativeTarget "DictionaryDemo" */;
			buildPhases = (
				AE2F66A5285BA11700BC905D /* Sources */,
				AE2F66A6285BA11700BC905D /* Frameworks */,
				AE2F66A7285BA11700BC905D /* CopyFiles */,
			);
			buildRules = (
			);
			dependencies = (
			);
			name = DictionaryDemo;
			productName = DictionaryDemo;
			productReference = AE2F66A9285BA11700BC905D /* DictionaryDemo */;
			productType = "com.apple.product-type.tool";
		};
		AE3BCCC328563C3F005919D2 /* SwiftDataTypesAndOperators */ = {
			isa = PBXNativeTarget;
			buildConfigurationList = AE3BCCCA28563C3F005919D2 /* Build configuration list for PBXNativeTarget "SwiftDataTypesAndOperators" */;
			buildPhases = (
				AE3BCCC028563C3F005919D2 /* Sources */,
				AE3BCCC128563C3F005919D2 /* Frameworks */,
				AE3BCCC228563C3F005919D2 /* CopyFiles */,
			);
			buildRules = (
			);
			dependencies = (
			);
			name = SwiftDataTypesAndOperators;
			productName = SwiftDataTypesAndOperators;
			productReference = AE3BCCC428563C3F005919D2 /* SwiftDataTypesAndOperators */;
			productType = "com.apple.product-type.tool";
		};
		AE9A38FF28579545003A843B /* SwiftControlFlow */ = {
			isa = PBXNativeTarget;
			buildConfigurationList = AE9A390628579545003A843B /* Build configuration list for PBXNativeTarget "SwiftControlFlow" */;
			buildPhases = (
				AE9A38FC28579545003A843B /* Sources */,
				AE9A38FD28579545003A843B /* Frameworks */,
				AE9A38FE28579545003A843B /* CopyFiles */,
			);
			buildRules = (
			);
			dependencies = (
			);
			name = SwiftControlFlow;
			productName = SwiftControlFlow;
			productReference = AE9A390028579545003A843B /* SwiftControlFlow */;
			productType = "com.apple.product-type.tool";
		};
		AECA3DFB284BBCCE00EEF7E4 /* Swift_Basic_Concepts */ = {
			isa = PBXNativeTarget;
			buildConfigurationList = AECA3E03284BBCCE00EEF7E4 /* Build configuration list for PBXNativeTarget "Swift_Basic_Concepts" */;
			buildPhases = (
				AECA3DF8284BBCCE00EEF7E4 /* Sources */,
				AECA3DF9284BBCCE00EEF7E4 /* Frameworks */,
				AECA3DFA284BBCCE00EEF7E4 /* CopyFiles */,
			);
			buildRules = (
			);
			dependencies = (
			);
			name = Swift_Basic_Concepts;
			productName = Swift_Basic_Concepts;
			productReference = AECA3DFC284BBCCE00EEF7E4 /* Swift_Basic_Concepts */;
			productType = "com.apple.product-type.tool";
		};
		AECA3E0B284BC08000EEF7E4 /* Swift_Loops */ = {
			isa = PBXNativeTarget;
			buildConfigurationList = AECA3E10284BC08000EEF7E4 /* Build configuration list for PBXNativeTarget "Swift_Loops" */;
			buildPhases = (
				AECA3E08284BC08000EEF7E4 /* Sources */,
				AECA3E09284BC08000EEF7E4 /* Frameworks */,
				AECA3E0A284BC08000EEF7E4 /* CopyFiles */,
			);
			buildRules = (
			);
			dependencies = (
			);
			name = Swift_Loops;
			productName = Swift_Loops;
			productReference = AECA3E0C284BC08000EEF7E4 /* Swift_Loops */;
			productType = "com.apple.product-type.tool";
		};
/* End PBXNativeTarget section */

/* Begin PBXProject section */
		AECA3DF4284BBCCE00EEF7E4 /* Project object */ = {
			isa = PBXProject;
			attributes = {
				BuildIndependentTargetsInParallel = 1;
				LastSwiftUpdateCheck = 1340;
				LastUpgradeCheck = 1340;
				TargetAttributes = {
					AE2F6671285B994900BC905D = {
						CreatedOnToolsVersion = 13.4.1;
					};
					AE2F667C285B9A7700BC905D = {
						CreatedOnToolsVersion = 13.4.1;
					};
					AE2F6687285B9F7700BC905D = {
						CreatedOnToolsVersion = 13.4.1;
					};
					AE2F6692285BA00C00BC905D = {
						CreatedOnToolsVersion = 13.4.1;
					};
					AE2F669D285BA0BF00BC905D = {
						CreatedOnToolsVersion = 13.4.1;
					};
					AE2F66A8285BA11700BC905D = {
						CreatedOnToolsVersion = 13.4.1;
					};
					AE3BCCC328563C3F005919D2 = {
						CreatedOnToolsVersion = 13.4.1;
					};
					AE9A38FF28579545003A843B = {
						CreatedOnToolsVersion = 13.4.1;
					};
					AECA3DFB284BBCCE00EEF7E4 = {
						CreatedOnToolsVersion = 13.4.1;
					};
					AECA3E0B284BC08000EEF7E4 = {
						CreatedOnToolsVersion = 13.4.1;
					};
				};
			};
			buildConfigurationList = AECA3DF7284BBCCE00EEF7E4 /* Build configuration list for PBXProject "Swift_Basic_Concepts" */;
			compatibilityVersion = "Xcode 13.0";
			developmentRegion = en;
			hasScannedForEncodings = 0;
			knownRegions = (
				en,
				Base,
			);
			mainGroup = AECA3DF3284BBCCE00EEF7E4;
			productRefGroup = AECA3DFD284BBCCE00EEF7E4 /* Products */;
			projectDirPath = "";
			projectRoot = "";
			targets = (
				AECA3DFB284BBCCE00EEF7E4 /* Swift_Basic_Concepts */,
				AECA3E0B284BC08000EEF7E4 /* Swift_Loops */,
				AE3BCCC328563C3F005919D2 /* SwiftDataTypesAndOperators */,
				AE9A38FF28579545003A843B /* SwiftControlFlow */,
				AE2F6671285B994900BC905D /* OptionalTypes */,
				AE2F667C285B9A7700BC905D /* GuardKeywordInSwift */,
				AE2F6687285B9F7700BC905D /* OOPinSwift */,
				AE2F6692285BA00C00BC905D /* InitializerSelfStaticVariable */,
				AE2F669D285BA0BF00BC905D /* ArraysInSwift */,
				AE2F66A8285BA11700BC905D /* DictionaryDemo */,
			);
		};
/* End PBXProject section */

/* Begin PBXSourcesBuildPhase section */
		AE2F666E285B994900BC905D /* Sources */ = {
			isa = PBXSourcesBuildPhase;
			buildActionMask = 2147483647;
			files = (
				AE2F6675285B994900BC905D /* main.swift in Sources */,
			);
			runOnlyForDeploymentPostprocessing = 0;
		};
		AE2F6679285B9A7700BC905D /* Sources */ = {
			isa = PBXSourcesBuildPhase;
			buildActionMask = 2147483647;
			files = (
				AE2F6680285B9A7700BC905D /* main.swift in Sources */,
			);
			runOnlyForDeploymentPostprocessing = 0;
		};
		AE2F6684285B9F7700BC905D /* Sources */ = {
			isa = PBXSourcesBuildPhase;
			buildActionMask = 2147483647;
			files = (
				AE2F668B285B9F7700BC905D /* main.swift in Sources */,
			);
			runOnlyForDeploymentPostprocessing = 0;
		};
		AE2F668F285BA00C00BC905D /* Sources */ = {
			isa = PBXSourcesBuildPhase;
			buildActionMask = 2147483647;
			files = (
				AE2F6696285BA00C00BC905D /* main.swift in Sources */,
			);
			runOnlyForDeploymentPostprocessing = 0;
		};
		AE2F669A285BA0BF00BC905D /* Sources */ = {
			isa = PBXSourcesBuildPhase;
			buildActionMask = 2147483647;
			files = (
				AE2F66A1285BA0BF00BC905D /* main.swift in Sources */,
			);
			runOnlyForDeploymentPostprocessing = 0;
		};
		AE2F66A5285BA11700BC905D /* Sources */ = {
			isa = PBXSourcesBuildPhase;
			buildActionMask = 2147483647;
			files = (
				AE2F66AC285BA11700BC905D /* main.swift in Sources */,
			);
			runOnlyForDeploymentPostprocessing = 0;
		};
		AE3BCCC028563C3F005919D2 /* Sources */ = {
			isa = PBXSourcesBuildPhase;
			buildActionMask = 2147483647;
			files = (
				AE9A390928579591003A843B /* main.swift in Sources */,
				AE3BCCC728563C3F005919D2 /* main.swift in Sources */,
			);
			runOnlyForDeploymentPostprocessing = 0;
		};
		AE9A38FC28579545003A843B /* Sources */ = {
			isa = PBXSourcesBuildPhase;
			buildActionMask = 2147483647;
			files = (
				AE9A390328579545003A843B /* main.swift in Sources */,
			);
			runOnlyForDeploymentPostprocessing = 0;
		};
		AECA3DF8284BBCCE00EEF7E4 /* Sources */ = {
			isa = PBXSourcesBuildPhase;
			buildActionMask = 2147483647;
			files = (
				AE3BCCCC28563D14005919D2 /* main.swift in Sources */,
				AECA3E00284BBCCE00EEF7E4 /* main.swift in Sources */,
				AE9A390728579590003A843B /* main.swift in Sources */,
			);
			runOnlyForDeploymentPostprocessing = 0;
		};
		AECA3E08284BC08000EEF7E4 /* Sources */ = {
			isa = PBXSourcesBuildPhase;
			buildActionMask = 2147483647;
			files = (
				AE3BCCCB28563D13005919D2 /* main.swift in Sources */,
				AECA3E13284BC34C00EEF7E4 /* main.swift in Sources */,
			);
			runOnlyForDeploymentPostprocessing = 0;
		};
/* End PBXSourcesBuildPhase section */

/* Begin XCBuildConfiguration section */
		AE2F6676285B994900BC905D /* Debug */ = {
			isa = XCBuildConfiguration;
			buildSettings = {
				CODE_SIGN_STYLE = Automatic;
				DEVELOPMENT_TEAM = GUV5H3HU85;
				ENABLE_HARDENED_RUNTIME = YES;
				MACOSX_DEPLOYMENT_TARGET = 12.3;
				PRODUCT_NAME = "$(TARGET_NAME)";
				SWIFT_VERSION = 5.0;
			};
			name = Debug;
		};
		AE2F6677285B994900BC905D /* Release */ = {
			isa = XCBuildConfiguration;
			buildSettings = {
				CODE_SIGN_STYLE = Automatic;
				DEVELOPMENT_TEAM = GUV5H3HU85;
				ENABLE_HARDENED_RUNTIME = YES;
				MACOSX_DEPLOYMENT_TARGET = 12.3;
				PRODUCT_NAME = "$(TARGET_NAME)";
				SWIFT_VERSION = 5.0;
			};
			name = Release;
		};
		AE2F6682285B9A7700BC905D /* Debug */ = {
			isa = XCBuildConfiguration;
			buildSettings = {
				CODE_SIGN_STYLE = Automatic;
				DEVELOPMENT_TEAM = GUV5H3HU85;
				ENABLE_HARDENED_RUNTIME = YES;
				MACOSX_DEPLOYMENT_TARGET = 12.3;
				PRODUCT_NAME = "$(TARGET_NAME)";
				SWIFT_VERSION = 5.0;
			};
			name = Debug;
		};
		AE2F6683285B9A7700BC905D /* Release */ = {
			isa = XCBuildConfiguration;
			buildSettings = {
				CODE_SIGN_STYLE = Automatic;
				DEVELOPMENT_TEAM = GUV5H3HU85;
				ENABLE_HARDENED_RUNTIME = YES;
				MACOSX_DEPLOYMENT_TARGET = 12.3;
				PRODUCT_NAME = "$(TARGET_NAME)";
				SWIFT_VERSION = 5.0;
			};
			name = Release;
		};
		AE2F668C285B9F7700BC905D /* Debug */ = {
			isa = XCBuildConfiguration;
			buildSettings = {
				CODE_SIGN_STYLE = Automatic;
				DEVELOPMENT_TEAM = GUV5H3HU85;
				ENABLE_HARDENED_RUNTIME = YES;
				MACOSX_DEPLOYMENT_TARGET = 12.3;
				PRODUCT_NAME = "$(TARGET_NAME)";
				SWIFT_VERSION = 5.0;
			};
			name = Debug;
		};
		AE2F668D285B9F7700BC905D /* Release */ = {
			isa = XCBuildConfiguration;
			buildSettings = {
				CODE_SIGN_STYLE = Automatic;
				DEVELOPMENT_TEAM = GUV5H3HU85;
				ENABLE_HARDENED_RUNTIME = YES;
				MACOSX_DEPLOYMENT_TARGET = 12.3;
				PRODUCT_NAME = "$(TARGET_NAME)";
				SWIFT_VERSION = 5.0;
			};
			name = Release;
		};
		AE2F6698285BA00C00BC905D /* Debug */ = {
			isa = XCBuildConfiguration;
			buildSettings = {
				CODE_SIGN_STYLE = Automatic;
				DEVELOPMENT_TEAM = GUV5H3HU85;
				ENABLE_HARDENED_RUNTIME = YES;
				MACOSX_DEPLOYMENT_TARGET = 12.3;
				PRODUCT_NAME = "$(TARGET_NAME)";
				SWIFT_VERSION = 5.0;
			};
			name = Debug;
		};
		AE2F6699285BA00C00BC905D /* Release */ = {
			isa = XCBuildConfiguration;
			buildSettings = {
				CODE_SIGN_STYLE = Automatic;
				DEVELOPMENT_TEAM = GUV5H3HU85;
				ENABLE_HARDENED_RUNTIME = YES;
				MACOSX_DEPLOYMENT_TARGET = 12.3;
				PRODUCT_NAME = "$(TARGET_NAME)";
				SWIFT_VERSION = 5.0;
			};
			name = Release;
		};
		AE2F66A3285BA0BF00BC905D /* Debug */ = {
			isa = XCBuildConfiguration;
			buildSettings = {
				CODE_SIGN_STYLE = Automatic;
				DEVELOPMENT_TEAM = GUV5H3HU85;
				ENABLE_HARDENED_RUNTIME = YES;
				MACOSX_DEPLOYMENT_TARGET = 12.3;
				PRODUCT_NAME = "$(TARGET_NAME)";
				SWIFT_VERSION = 5.0;
			};
			name = Debug;
		};
		AE2F66A4285BA0BF00BC905D /* Release */ = {
			isa = XCBuildConfiguration;
			buildSettings = {
				CODE_SIGN_STYLE = Automatic;
				DEVELOPMENT_TEAM = GUV5H3HU85;
				ENABLE_HARDENED_RUNTIME = YES;
				MACOSX_DEPLOYMENT_TARGET = 12.3;
				PRODUCT_NAME = "$(TARGET_NAME)";
				SWIFT_VERSION = 5.0;
			};
			name = Release;
		};
		AE2F66AE285BA11700BC905D /* Debug */ = {
			isa = XCBuildConfiguration;
			buildSettings = {
				CODE_SIGN_STYLE = Automatic;
				DEVELOPMENT_TEAM = GUV5H3HU85;
				ENABLE_HARDENED_RUNTIME = YES;
				MACOSX_DEPLOYMENT_TARGET = 12.3;
				PRODUCT_NAME = "$(TARGET_NAME)";
				SWIFT_VERSION = 5.0;
			};
			name = Debug;
		};
		AE2F66AF285BA11700BC905D /* Release */ = {
			isa = XCBuildConfiguration;
			buildSettings = {
				CODE_SIGN_STYLE = Automatic;
				DEVELOPMENT_TEAM = GUV5H3HU85;
				ENABLE_HARDENED_RUNTIME = YES;
				MACOSX_DEPLOYMENT_TARGET = 12.3;
				PRODUCT_NAME = "$(TARGET_NAME)";
				SWIFT_VERSION = 5.0;
			};
			name = Release;
		};
		AE3BCCC828563C3F005919D2 /* Debug */ = {
			isa = XCBuildConfiguration;
			buildSettings = {
				CODE_SIGN_STYLE = Automatic;
				DEVELOPMENT_TEAM = GUV5H3HU85;
				ENABLE_HARDENED_RUNTIME = YES;
				MACOSX_DEPLOYMENT_TARGET = 12.3;
				PRODUCT_NAME = "$(TARGET_NAME)";
				SWIFT_VERSION = 5.0;
			};
			name = Debug;
		};
		AE3BCCC928563C3F005919D2 /* Release */ = {
			isa = XCBuildConfiguration;
			buildSettings = {
				CODE_SIGN_STYLE = Automatic;
				DEVELOPMENT_TEAM = GUV5H3HU85;
				ENABLE_HARDENED_RUNTIME = YES;
				MACOSX_DEPLOYMENT_TARGET = 12.3;
				PRODUCT_NAME = "$(TARGET_NAME)";
				SWIFT_VERSION = 5.0;
			};
			name = Release;
		};
		AE9A390428579545003A843B /* Debug */ = {
			isa = XCBuildConfiguration;
			buildSettings = {
				CODE_SIGN_STYLE = Automatic;
				DEVELOPMENT_TEAM = GUV5H3HU85;
				ENABLE_HARDENED_RUNTIME = YES;
				MACOSX_DEPLOYMENT_TARGET = 12.3;
				PRODUCT_NAME = "$(TARGET_NAME)";
				SWIFT_VERSION = 5.0;
			};
			name = Debug;
		};
		AE9A390528579545003A843B /* Release */ = {
			isa = XCBuildConfiguration;
			buildSettings = {
				CODE_SIGN_STYLE = Automatic;
				DEVELOPMENT_TEAM = GUV5H3HU85;
				ENABLE_HARDENED_RUNTIME = YES;
				MACOSX_DEPLOYMENT_TARGET = 12.3;
				PRODUCT_NAME = "$(TARGET_NAME)";
				SWIFT_VERSION = 5.0;
			};
			name = Release;
		};
		AECA3E01284BBCCE00EEF7E4 /* Debug */ = {
			isa = XCBuildConfiguration;
			buildSettings = {
				ALWAYS_SEARCH_USER_PATHS = NO;
				CLANG_ANALYZER_NONNULL = YES;
				CLANG_ANALYZER_NUMBER_OBJECT_CONVERSION = YES_AGGRESSIVE;
				CLANG_CXX_LANGUAGE_STANDARD = "gnu++17";
				CLANG_ENABLE_MODULES = YES;
				CLANG_ENABLE_OBJC_ARC = YES;
				CLANG_ENABLE_OBJC_WEAK = YES;
				CLANG_WARN_BLOCK_CAPTURE_AUTORELEASING = YES;
				CLANG_WARN_BOOL_CONVERSION = YES;
				CLANG_WARN_COMMA = YES;
				CLANG_WARN_CONSTANT_CONVERSION = YES;
				CLANG_WARN_DEPRECATED_OBJC_IMPLEMENTATIONS = YES;
				CLANG_WARN_DIRECT_OBJC_ISA_USAGE = YES_ERROR;
				CLANG_WARN_DOCUMENTATION_COMMENTS = YES;
				CLANG_WARN_EMPTY_BODY = YES;
				CLANG_WARN_ENUM_CONVERSION = YES;
				CLANG_WARN_INFINITE_RECURSION = YES;
				CLANG_WARN_INT_CONVERSION = YES;
				CLANG_WARN_NON_LITERAL_NULL_CONVERSION = YES;
				CLANG_WARN_OBJC_IMPLICIT_RETAIN_SELF = YES;
				CLANG_WARN_OBJC_LITERAL_CONVERSION = YES;
				CLANG_WARN_OBJC_ROOT_CLASS = YES_ERROR;
				CLANG_WARN_QUOTED_INCLUDE_IN_FRAMEWORK_HEADER = YES;
				CLANG_WARN_RANGE_LOOP_ANALYSIS = YES;
				CLANG_WARN_STRICT_PROTOTYPES = YES;
				CLANG_WARN_SUSPICIOUS_MOVE = YES;
				CLANG_WARN_UNGUARDED_AVAILABILITY = YES_AGGRESSIVE;
				CLANG_WARN_UNREACHABLE_CODE = YES;
				CLANG_WARN__DUPLICATE_METHOD_MATCH = YES;
				COPY_PHASE_STRIP = NO;
				DEBUG_INFORMATION_FORMAT = dwarf;
				ENABLE_STRICT_OBJC_MSGSEND = YES;
				ENABLE_TESTABILITY = YES;
				GCC_C_LANGUAGE_STANDARD = gnu11;
				GCC_DYNAMIC_NO_PIC = NO;
				GCC_NO_COMMON_BLOCKS = YES;
				GCC_OPTIMIZATION_LEVEL = 0;
				GCC_PREPROCESSOR_DEFINITIONS = (
					"DEBUG=1",
					"$(inherited)",
				);
				GCC_WARN_64_TO_32_BIT_CONVERSION = YES;
				GCC_WARN_ABOUT_RETURN_TYPE = YES_ERROR;
				GCC_WARN_UNDECLARED_SELECTOR = YES;
				GCC_WARN_UNINITIALIZED_AUTOS = YES_AGGRESSIVE;
				GCC_WARN_UNUSED_FUNCTION = YES;
				GCC_WARN_UNUSED_VARIABLE = YES;
				MACOSX_DEPLOYMENT_TARGET = 12.2;
				MTL_ENABLE_DEBUG_INFO = INCLUDE_SOURCE;
				MTL_FAST_MATH = YES;
				ONLY_ACTIVE_ARCH = YES;
				SDKROOT = macosx;
				SWIFT_ACTIVE_COMPILATION_CONDITIONS = DEBUG;
				SWIFT_OPTIMIZATION_LEVEL = "-Onone";
			};
			name = Debug;
		};
		AECA3E02284BBCCE00EEF7E4 /* Release */ = {
			isa = XCBuildConfiguration;
			buildSettings = {
				ALWAYS_SEARCH_USER_PATHS = NO;
				CLANG_ANALYZER_NONNULL = YES;
				CLANG_ANALYZER_NUMBER_OBJECT_CONVERSION = YES_AGGRESSIVE;
				CLANG_CXX_LANGUAGE_STANDARD = "gnu++17";
				CLANG_ENABLE_MODULES = YES;
				CLANG_ENABLE_OBJC_ARC = YES;
				CLANG_ENABLE_OBJC_WEAK = YES;
				CLANG_WARN_BLOCK_CAPTURE_AUTORELEASING = YES;
				CLANG_WARN_BOOL_CONVERSION = YES;
				CLANG_WARN_COMMA = YES;
				CLANG_WARN_CONSTANT_CONVERSION = YES;
				CLANG_WARN_DEPRECATED_OBJC_IMPLEMENTATIONS = YES;
				CLANG_WARN_DIRECT_OBJC_ISA_USAGE = YES_ERROR;
				CLANG_WARN_DOCUMENTATION_COMMENTS = YES;
				CLANG_WARN_EMPTY_BODY = YES;
				CLANG_WARN_ENUM_CONVERSION = YES;
				CLANG_WARN_INFINITE_RECURSION = YES;
				CLANG_WARN_INT_CONVERSION = YES;
				CLANG_WARN_NON_LITERAL_NULL_CONVERSION = YES;
				CLANG_WARN_OBJC_IMPLICIT_RETAIN_SELF = YES;
				CLANG_WARN_OBJC_LITERAL_CONVERSION = YES;
				CLANG_WARN_OBJC_ROOT_CLASS = YES_ERROR;
				CLANG_WARN_QUOTED_INCLUDE_IN_FRAMEWORK_HEADER = YES;
				CLANG_WARN_RANGE_LOOP_ANALYSIS = YES;
				CLANG_WARN_STRICT_PROTOTYPES = YES;
				CLANG_WARN_SUSPICIOUS_MOVE = YES;
				CLANG_WARN_UNGUARDED_AVAILABILITY = YES_AGGRESSIVE;
				CLANG_WARN_UNREACHABLE_CODE = YES;
				CLANG_WARN__DUPLICATE_METHOD_MATCH = YES;
				COPY_PHASE_STRIP = NO;
				DEBUG_INFORMATION_FORMAT = "dwarf-with-dsym";
				ENABLE_NS_ASSERTIONS = NO;
				ENABLE_STRICT_OBJC_MSGSEND = YES;
				GCC_C_LANGUAGE_STANDARD = gnu11;
				GCC_NO_COMMON_BLOCKS = YES;
				GCC_WARN_64_TO_32_BIT_CONVERSION = YES;
				GCC_WARN_ABOUT_RETURN_TYPE = YES_ERROR;
				GCC_WARN_UNDECLARED_SELECTOR = YES;
				GCC_WARN_UNINITIALIZED_AUTOS = YES_AGGRESSIVE;
				GCC_WARN_UNUSED_FUNCTION = YES;
				GCC_WARN_UNUSED_VARIABLE = YES;
				MACOSX_DEPLOYMENT_TARGET = 12.2;
				MTL_ENABLE_DEBUG_INFO = NO;
				MTL_FAST_MATH = YES;
				SDKROOT = macosx;
				SWIFT_COMPILATION_MODE = wholemodule;
				SWIFT_OPTIMIZATION_LEVEL = "-O";
			};
			name = Release;
		};
		AECA3E04284BBCCE00EEF7E4 /* Debug */ = {
			isa = XCBuildConfiguration;
			buildSettings = {
				CODE_SIGN_STYLE = Automatic;
				DEVELOPMENT_TEAM = GUV5H3HU85;
				ENABLE_HARDENED_RUNTIME = YES;
				PRODUCT_NAME = "$(TARGET_NAME)";
				SWIFT_VERSION = 5.0;
			};
			name = Debug;
		};
		AECA3E05284BBCCE00EEF7E4 /* Release */ = {
			isa = XCBuildConfiguration;
			buildSettings = {
				CODE_SIGN_STYLE = Automatic;
				DEVELOPMENT_TEAM = GUV5H3HU85;
				ENABLE_HARDENED_RUNTIME = YES;
				PRODUCT_NAME = "$(TARGET_NAME)";
				SWIFT_VERSION = 5.0;
			};
			name = Release;
		};
		AECA3E11284BC08000EEF7E4 /* Debug */ = {
			isa = XCBuildConfiguration;
			buildSettings = {
				CODE_SIGN_STYLE = Automatic;
				DEVELOPMENT_TEAM = GUV5H3HU85;
				ENABLE_HARDENED_RUNTIME = YES;
				PRODUCT_NAME = "$(TARGET_NAME)";
				SWIFT_VERSION = 5.0;
			};
			name = Debug;
		};
		AECA3E12284BC08000EEF7E4 /* Release */ = {
			isa = XCBuildConfiguration;
			buildSettings = {
				CODE_SIGN_STYLE = Automatic;
				DEVELOPMENT_TEAM = GUV5H3HU85;
				ENABLE_HARDENED_RUNTIME = YES;
				PRODUCT_NAME = "$(TARGET_NAME)";
				SWIFT_VERSION = 5.0;
			};
			name = Release;
		};
/* End XCBuildConfiguration section */

/* Begin XCConfigurationList section */
		AE2F6678285B994900BC905D /* Build configuration list for PBXNativeTarget "OptionalTypes" */ = {
			isa = XCConfigurationList;
			buildConfigurations = (
				AE2F6676285B994900BC905D /* Debug */,
				AE2F6677285B994900BC905D /* Release */,
			);
			defaultConfigurationIsVisible = 0;
			defaultConfigurationName = Release;
		};
		AE2F6681285B9A7700BC905D /* Build configuration list for PBXNativeTarget "GuardKeywordInSwift" */ = {
			isa = XCConfigurationList;
			buildConfigurations = (
				AE2F6682285B9A7700BC905D /* Debug */,
				AE2F6683285B9A7700BC905D /* Release */,
			);
			defaultConfigurationIsVisible = 0;
			defaultConfigurationName = Release;
		};
		AE2F668E285B9F7700BC905D /* Build configuration list for PBXNativeTarget "OOPinSwift" */ = {
			isa = XCConfigurationList;
			buildConfigurations = (
				AE2F668C285B9F7700BC905D /* Debug */,
				AE2F668D285B9F7700BC905D /* Release */,
			);
			defaultConfigurationIsVisible = 0;
			defaultConfigurationName = Release;
		};
		AE2F6697285BA00C00BC905D /* Build configuration list for PBXNativeTarget "InitializerSelfStaticVariable" */ = {
			isa = XCConfigurationList;
			buildConfigurations = (
				AE2F6698285BA00C00BC905D /* Debug */,
				AE2F6699285BA00C00BC905D /* Release */,
			);
			defaultConfigurationIsVisible = 0;
			defaultConfigurationName = Release;
		};
		AE2F66A2285BA0BF00BC905D /* Build configuration list for PBXNativeTarget "ArraysInSwift" */ = {
			isa = XCConfigurationList;
			buildConfigurations = (
				AE2F66A3285BA0BF00BC905D /* Debug */,
				AE2F66A4285BA0BF00BC905D /* Release */,
			);
			defaultConfigurationIsVisible = 0;
			defaultConfigurationName = Release;
		};
		AE2F66AD285BA11700BC905D /* Build configuration list for PBXNativeTarget "DictionaryDemo" */ = {
			isa = XCConfigurationList;
			buildConfigurations = (
				AE2F66AE285BA11700BC905D /* Debug */,
				AE2F66AF285BA11700BC905D /* Release */,
			);
			defaultConfigurationIsVisible = 0;
			defaultConfigurationName = Release;
		};
		AE3BCCCA28563C3F005919D2 /* Build configuration list for PBXNativeTarget "SwiftDataTypesAndOperators" */ = {
			isa = XCConfigurationList;
			buildConfigurations = (
				AE3BCCC828563C3F005919D2 /* Debug */,
				AE3BCCC928563C3F005919D2 /* Release */,
			);
			defaultConfigurationIsVisible = 0;
			defaultConfigurationName = Release;
		};
		AE9A390628579545003A843B /* Build configuration list for PBXNativeTarget "SwiftControlFlow" */ = {
			isa = XCConfigurationList;
			buildConfigurations = (
				AE9A390428579545003A843B /* Debug */,
				AE9A390528579545003A843B /* Release */,
			);
			defaultConfigurationIsVisible = 0;
			defaultConfigurationName = Release;
		};
		AECA3DF7284BBCCE00EEF7E4 /* Build configuration list for PBXProject "Swift_Basic_Concepts" */ = {
			isa = XCConfigurationList;
			buildConfigurations = (
				AECA3E01284BBCCE00EEF7E4 /* Debug */,
				AECA3E02284BBCCE00EEF7E4 /* Release */,
			);
			defaultConfigurationIsVisible = 0;
			defaultConfigurationName = Release;
		};
		AECA3E03284BBCCE00EEF7E4 /* Build configuration list for PBXNativeTarget "Swift_Basic_Concepts" */ = {
			isa = XCConfigurationList;
			buildConfigurations = (
				AECA3E04284BBCCE00EEF7E4 /* Debug */,
				AECA3E05284BBCCE00EEF7E4 /* Release */,
			);
			defaultConfigurationIsVisible = 0;
			defaultConfigurationName = Release;
		};
		AECA3E10284BC08000EEF7E4 /* Build configuration list for PBXNativeTarget "Swift_Loops" */ = {
			isa = XCConfigurationList;
			buildConfigurations = (
				AECA3E11284BC08000EEF7E4 /* Debug */,
				AECA3E12284BC08000EEF7E4 /* Release */,
			);
			defaultConfigurationIsVisible = 0;
			defaultConfigurationName = Release;
		};
/* End XCConfigurationList section */
	};
	rootObject = AECA3DF4284BBCCE00EEF7E4 /* Project object */;
}
